
Microsoft Visual Studio Solution File, Format Version 12.00
# Visual Studio 14
VisualStudioVersion = 14.0.23107.0
MinimumVisualStudioVersion = 10.0.40219.1
Project("{FAE04EC0-301F-11D3-BF4B-00C04F79EFBC}") = "Mita.Core", "Mita.Core\Mita.Core.csproj", "{87FA3037-FA11-43DF-B91B-8520331D5D35}"
EndProject
Project("{FAE04EC0-301F-11D3-BF4B-00C04F79EFBC}") = "Mita.DataAccess", "Mita.DataAccess\Mita.DataAccess.csproj", "{B86CC962-B1B9-4763-A348-DB88EF289853}"
EndProject
Project("{FAE04EC0-301F-11D3-BF4B-00C04F79EFBC}") = "Mita.Mvvm", "Mita.Mvvm\Mita.Mvvm.csproj", "{213D4459-1FAF-46C7-961E-F0AE9BF8513C}"
EndProject
Project("{FAE04EC0-301F-11D3-BF4B-00C04F79EFBC}") = "Mita.DataAccess.EF", "Mita.DataAccess.EF\Mita.DataAccess.EF.csproj", "{BCB128D7-87D3-46C7-B242-E30F41AA51DA}"
EndProject
Project("{FAE04EC0-301F-11D3-BF4B-00C04F79EFBC}") = "Storage.DataAccess", "Storage.DataAccess\Storage.DataAccess.csproj", "{91D3B352-6884-4B02-BD53-CBF1BB33699D}"
EndProject
Project("{FAE04EC0-301F-11D3-BF4B-00C04F79EFBC}") = "Storage.RecreateDb", "Storage.RecreateDb\Storage.RecreateDb.csproj", "{B0733665-6640-49FA-815D-F85DD5FBF1B7}"
EndProject
Project("{FAE04EC0-301F-11D3-BF4B-00C04F79EFBC}") = "Storage.Views", "Storage.Views\Storage.Views.csproj", "{FB8A004F-4427-4C01-B78F-57EA2C2259A7}"
EndProject
Project("{FAE04EC0-301F-11D3-BF4B-00C04F79EFBC}") = "Storage.Views.ViewModels", "Storage.Views.ViewModels\Storage.Views.ViewModels.csproj", "{50CCF964-9A93-4769-A050-3DCB7281C65E}"
EndProject
Project("{FAE04EC0-301F-11D3-BF4B-00C04F79EFBC}") = "Storage.BusinessLogic", "Storage.BusinessLogic\Storage.BusinessLogic.csproj", "{F276ABFE-2DE7-434F-9B9D-70B6ABB3B85A}"
EndProject
Project("{FAE04EC0-301F-11D3-BF4B-00C04F79EFBC}") = "Storage.Model", "Storage.Model\Storage.Model.csproj", "{3B09B6E8-DA9C-45B5-8B2E-70AC1D9B77AB}"
EndProject
Project("{FAE04EC0-301F-11D3-BF4B-00C04F79EFBC}") = "Storage.BusinessLogic.DB", "Storage.BusinessLogic.DB\Storage.BusinessLogic.DB.csproj", "{822D377D-F22C-4D24-94F5-31BA5290D9B2}"
EndProject
Project("{FAE04EC0-301F-11D3-BF4B-00C04F79EFBC}") = "Storage.WCF", "Storage.WCF\Storage.WCF.csproj", "{8672BB9C-AB64-42E5-9BD8-14945755DAAC}"
EndProject
Project("{FAE04EC0-301F-11D3-BF4B-00C04F79EFBC}") = "Storage.BusinessLogic.WCF", "Storage.BusinessLogic.WCF\Storage.BusinessLogic.WCF.csproj", "{3D0809ED-6C43-41AD-B394-8E436BC77823}"
	ProjectSection(ProjectDependencies) = postProject
		{8672BB9C-AB64-42E5-9BD8-14945755DAAC} = {8672BB9C-AB64-42E5-9BD8-14945755DAAC}
	EndProjectSection
EndProject
Global
	GlobalSection(SolutionConfigurationPlatforms) = preSolution
		Debug|Any CPU = Debug|Any CPU
		Release|Any CPU = Release|Any CPU
	EndGlobalSection
	GlobalSection(ProjectConfigurationPlatforms) = postSolution
		{87FA3037-FA11-43DF-B91B-8520331D5D35}.Debug|Any CPU.ActiveCfg = Debug|Any CPU
		{87FA3037-FA11-43DF-B91B-8520331D5D35}.Debug|Any CPU.Build.0 = Debug|Any CPU
		{87FA3037-FA11-43DF-B91B-8520331D5D35}.Release|Any CPU.ActiveCfg = Release|Any CPU
		{87FA3037-FA11-43DF-B91B-8520331D5D35}.Release|Any CPU.Build.0 = Release|Any CPU
		{B86CC962-B1B9-4763-A348-DB88EF289853}.Debug|Any CPU.ActiveCfg = Debug|Any CPU
		{B86CC962-B1B9-4763-A348-DB88EF289853}.Debug|Any CPU.Build.0 = Debug|Any CPU
		{B86CC962-B1B9-4763-A348-DB88EF289853}.Release|Any CPU.ActiveCfg = Release|Any CPU
		{B86CC962-B1B9-4763-A348-DB88EF289853}.Release|Any CPU.Build.0 = Release|Any CPU
		{213D4459-1FAF-46C7-961E-F0AE9BF8513C}.Debug|Any CPU.ActiveCfg = Debug|Any CPU
		{213D4459-1FAF-46C7-961E-F0AE9BF8513C}.Debug|Any CPU.Build.0 = Debug|Any CPU
		{213D4459-1FAF-46C7-961E-F0AE9BF8513C}.Release|Any CPU.ActiveCfg = Release|Any CPU
		{213D4459-1FAF-46C7-961E-F0AE9BF8513C}.Release|Any CPU.Build.0 = Release|Any CPU
		{BCB128D7-87D3-46C7-B242-E30F41AA51DA}.Debug|Any CPU.ActiveCfg = Debug|Any CPU
		{BCB128D7-87D3-46C7-B242-E30F41AA51DA}.Debug|Any CPU.Build.0 = Debug|Any CPU
		{BCB128D7-87D3-46C7-B242-E30F41AA51DA}.Release|Any CPU.ActiveCfg = Release|Any CPU
		{BCB128D7-87D3-46C7-B242-E30F41AA51DA}.Release|Any CPU.Build.0 = Release|Any CPU
		{91D3B352-6884-4B02-BD53-CBF1BB33699D}.Debug|Any CPU.ActiveCfg = Debug|Any CPU
		{91D3B352-6884-4B02-BD53-CBF1BB33699D}.Debug|Any CPU.Build.0 = Debug|Any CPU
		{91D3B352-6884-4B02-BD53-CBF1BB33699D}.Release|Any CPU.ActiveCfg = Release|Any CPU
		{91D3B352-6884-4B02-BD53-CBF1BB33699D}.Release|Any CPU.Build.0 = Release|Any CPU
		{B0733665-6640-49FA-815D-F85DD5FBF1B7}.Debug|Any CPU.ActiveCfg = Debug|Any CPU
		{B0733665-6640-49FA-815D-F85DD5FBF1B7}.Debug|Any CPU.Build.0 = Debug|Any CPU
		{B0733665-6640-49FA-815D-F85DD5FBF1B7}.Release|Any CPU.ActiveCfg = Release|Any CPU
		{B0733665-6640-49FA-815D-F85DD5FBF1B7}.Release|Any CPU.Build.0 = Release|Any CPU
		{FB8A004F-4427-4C01-B78F-57EA2C2259A7}.Debug|Any CPU.ActiveCfg = Debug|Any CPU
		{FB8A004F-4427-4C01-B78F-57EA2C2259A7}.Debug|Any CPU.Build.0 = Debug|Any CPU
		{FB8A004F-4427-4C01-B78F-57EA2C2259A7}.Release|Any CPU.ActiveCfg = Release|Any CPU
		{FB8A004F-4427-4C01-B78F-57EA2C2259A7}.Release|Any CPU.Build.0 = Release|Any CPU
		{50CCF964-9A93-4769-A050-3DCB7281C65E}.Debug|Any CPU.ActiveCfg = Debug|Any CPU
		{50CCF964-9A93-4769-A050-3DCB7281C65E}.Debug|Any CPU.Build.0 = Debug|Any CPU
		{50CCF964-9A93-4769-A050-3DCB7281C65E}.Release|Any CPU.ActiveCfg = Release|Any CPU
		{50CCF964-9A93-4769-A050-3DCB7281C65E}.Release|Any CPU.Build.0 = Release|Any CPU
		{F276ABFE-2DE7-434F-9B9D-70B6ABB3B85A}.Debug|Any CPU.ActiveCfg = Debug|Any CPU
		{F276ABFE-2DE7-434F-9B9D-70B6ABB3B85A}.Debug|Any CPU.Build.0 = Debug|Any CPU
		{F276ABFE-2DE7-434F-9B9D-70B6ABB3B85A}.Release|Any CPU.ActiveCfg = Release|Any CPU
		{F276ABFE-2DE7-434F-9B9D-70B6ABB3B85A}.Release|Any CPU.Build.0 = Release|Any CPU
		{3B09B6E8-DA9C-45B5-8B2E-70AC1D9B77AB}.Debug|Any CPU.ActiveCfg = Debug|Any CPU
		{3B09B6E8-DA9C-45B5-8B2E-70AC1D9B77AB}.Debug|Any CPU.Build.0 = Debug|Any CPU
		{3B09B6E8-DA9C-45B5-8B2E-70AC1D9B77AB}.Release|Any CPU.ActiveCfg = Release|Any CPU
		{3B09B6E8-DA9C-45B5-8B2E-70AC1D9B77AB}.Release|Any CPU.Build.0 = Release|Any CPU
		{822D377D-F22C-4D24-94F5-31BA5290D9B2}.Debug|Any CPU.ActiveCfg = Debug|Any CPU
		{822D377D-F22C-4D24-94F5-31BA5290D9B2}.Debug|Any CPU.Build.0 = Debug|Any CPU
		{822D377D-F22C-4D24-94F5-31BA5290D9B2}.Release|Any CPU.ActiveCfg = Release|Any CPU
		{822D377D-F22C-4D24-94F5-31BA5290D9B2}.Release|Any CPU.Build.0 = Release|Any CPU
		{8672BB9C-AB64-42E5-9BD8-14945755DAAC}.Debug|Any CPU.ActiveCfg = Debug|Any CPU
		{8672BB9C-AB64-42E5-9BD8-14945755DAAC}.Debug|Any CPU.Build.0 = Debug|Any CPU
		{8672BB9C-AB64-42E5-9BD8-14945755DAAC}.Release|Any CPU.ActiveCfg = Release|Any CPU
		{8672BB9C-AB64-42E5-9BD8-14945755DAAC}.Release|Any CPU.Build.0 = Release|Any CPU
		{3D0809ED-6C43-41AD-B394-8E436BC77823}.Debug|Any CPU.ActiveCfg = Debug|Any CPU
		{3D0809ED-6C43-41AD-B394-8E436BC77823}.Debug|Any CPU.Build.0 = Debug|Any CPU
		{3D0809ED-6C43-41AD-B394-8E436BC77823}.Release|Any CPU.ActiveCfg = Release|Any CPU
		{3D0809ED-6C43-41AD-B394-8E436BC77823}.Release|Any CPU.Build.0 = Release|Any CPU
	EndGlobalSection
	GlobalSection(SolutionProperties) = preSolution
		HideSolutionNode = FALSE
	EndGlobalSection
EndGlobal
